Microsoft Visual Studio Solution File, Format Version 12.00
# Visual Studio Version 17
VisualStudioVersion = 17.13.35608.33
MinimumVisualStudioVersion = 10.0.40219.1
Project("{FAE04EC0-301F-11D3-BF4B-00C04F79EFBC}") = "MathGame.LiXin2014", "MathGame.LiXin2014\MathGame.LiXin2014.csproj", "{6E56046B-FB71-4C3B-BA0A-D504892FD89A}"
EndProject
Global
	GlobalSection(SolutionConfigurationPlatforms) = preSolution
		Debug|Any CPU = Debug|Any CPU
		Release|Any CPU = Release|Any CPU
	EndGlobalSection
	GlobalSection(ProjectConfigurationPlatforms) = postSolution
		{6E56046B-FB71-4C3B-BA0A-D504892FD89A}.Debug|Any CPU.ActiveCfg = Debug|Any CPU
		{6E56046B-FB71-4C3B-BA0A-D504892FD89A}.Debug|Any CPU.Build.0 = Debug|Any CPU
		{6E56046B-FB71-4C3B-BA0A-D504892FD89A}.Release|Any CPU.ActiveCfg = Release|Any CPU
		{6E56046B-FB71-4C3B-BA0A-D504892FD89A}.Release|Any CPU.Build.0 = Release|Any CPU
	EndGlobalSection
	GlobalSection(SolutionProperties) = preSolution
		HideSolutionNode = FALSE
	EndGlobalSection
	GlobalSection(ExtensibilityGlobals) = postSolution
		SolutionGuid = {18BF074B-5E19-4F37-99ED-E68A87593A6F}
	EndGlobalSection
EndGlobal
